
Microsoft Visual Studio Solution File, Format Version 12.00
# Visual Studio Version 17
VisualStudioVersion = 17.4.33103.184
MinimumVisualStudioVersion = 10.0.40219.1
Project("{9A19103F-16F7-4668-BE54-9A1E7A4F7556}") = "BlazorWASMMicroFrontend", "BlazorWASMMicroFrontend\BlazorWASMMicroFrontend.csproj", "{9DAC8710-9CF3-4AE0-8C61-5194A5BF4F0E}"
EndProject
Global
	GlobalSection(SolutionConfigurationPlatforms) = preSolution
		Debug|Any CPU = Debug|Any CPU
		Release|Any CPU = Release|Any CPU
	EndGlobalSection
	GlobalSection(ProjectConfigurationPlatforms) = postSolution
		{9DAC8710-9CF3-4AE0-8C61-5194A5BF4F0E}.Debug|Any CPU.ActiveCfg = Debug|Any CPU
		{9DAC8710-9CF3-4AE0-8C61-5194A5BF4F0E}.Debug|Any CPU.Build.0 = Debug|Any CPU
		{9DAC8710-9CF3-4AE0-8C61-5194A5BF4F0E}.Release|Any CPU.ActiveCfg = Release|Any CPU
		{9DAC8710-9CF3-4AE0-8C61-5194A5BF4F0E}.Release|Any CPU.Build.0 = Release|Any CPU
	EndGlobalSection
	GlobalSection(SolutionProperties) = preSolution
		HideSolutionNode = FALSE
	EndGlobalSection
	GlobalSection(ExtensibilityGlobals) = postSolution
		SolutionGuid = {AC59B900-4FC1-46DA-BD9F-7A3C2BD30A94}
	EndGlobalSection
EndGlobal
